// !$*UTF8*$!
{
	archiveVersion = 1;
	classes = {
	};
	objectVersion = 55;
	objects = {

/* Begin PBXBuildFile section */
		CBB223A5289920BD005D15B2 /* AppDelegate.swift in Sources */ = {isa = PBXBuildFile; fileRef = CBB223A4289920BD005D15B2 /* AppDelegate.swift */; };
		CBB223A7289920BD005D15B2 /* SceneDelegate.swift in Sources */ = {isa = PBXBuildFile; fileRef = CBB223A6289920BD005D15B2 /* SceneDelegate.swift */; };
		CBB223A9289920BD005D15B2 /* LaunchController.swift in Sources */ = {isa = PBXBuildFile; fileRef = CBB223A8289920BD005D15B2 /* LaunchController.swift */; };
		CBB223AE289920BF005D15B2 /* Assets.xcassets in Resources */ = {isa = PBXBuildFile; fileRef = CBB223AD289920BF005D15B2 /* Assets.xcassets */; };
		CBB223B1289920BF005D15B2 /* LaunchScreen.storyboard in Resources */ = {isa = PBXBuildFile; fileRef = CBB223AF289920BF005D15B2 /* LaunchScreen.storyboard */; };
		CBB223BE28992D32005D15B2 /* Timeline.swift in Sources */ = {isa = PBXBuildFile; fileRef = CBB223BA28992D31005D15B2 /* Timeline.swift */; };
		CBB223BF28992D32005D15B2 /* SecondStage.swift in Sources */ = {isa = PBXBuildFile; fileRef = CBB223BB28992D31005D15B2 /* SecondStage.swift */; };
		CBB223C028992D32005D15B2 /* Telemetry.swift in Sources */ = {isa = PBXBuildFile; fileRef = CBB223BC28992D32005D15B2 /* Telemetry.swift */; };
		CBB223C128992D32005D15B2 /* Launch.swift in Sources */ = {isa = PBXBuildFile; fileRef = CBB223BD28992D32005D15B2 /* Launch.swift */; };
		CBB223C928992D41005D15B2 /* Rocket.swift in Sources */ = {isa = PBXBuildFile; fileRef = CBB223C228992D40005D15B2 /* Rocket.swift */; };
		CBB223CA28992D41005D15B2 /* Payloads.swift in Sources */ = {isa = PBXBuildFile; fileRef = CBB223C328992D40005D15B2 /* Payloads.swift */; };
		CBB223CB28992D41005D15B2 /* FirstStage.swift in Sources */ = {isa = PBXBuildFile; fileRef = CBB223C428992D41005D15B2 /* FirstStage.swift */; };
		CBB223CC28992D41005D15B2 /* LaunchSite.swift in Sources */ = {isa = PBXBuildFile; fileRef = CBB223C528992D41005D15B2 /* LaunchSite.swift */; };
		CBB223CD28992D41005D15B2 /* OrbitParams.swift in Sources */ = {isa = PBXBuildFile; fileRef = CBB223C628992D41005D15B2 /* OrbitParams.swift */; };
		CBB223CE28992D41005D15B2 /* Links.swift in Sources */ = {isa = PBXBuildFile; fileRef = CBB223C728992D41005D15B2 /* Links.swift */; };
		CBB223CF28992D41005D15B2 /* LaunchFailureDetails.swift in Sources */ = {isa = PBXBuildFile; fileRef = CBB223C828992D41005D15B2 /* LaunchFailureDetails.swift */; };
		CBB223D228992D48005D15B2 /* Cores.swift in Sources */ = {isa = PBXBuildFile; fileRef = CBB223D028992D48005D15B2 /* Cores.swift */; };
		CBB223D328992D48005D15B2 /* Fairings.swift in Sources */ = {isa = PBXBuildFile; fileRef = CBB223D128992D48005D15B2 /* Fairings.swift */; };
		CBB223D728993030005D15B2 /* Services.swift in Sources */ = {isa = PBXBuildFile; fileRef = CBB223D528993030005D15B2 /* Services.swift */; };
		CBB223D828993030005D15B2 /* NetworkError.swift in Sources */ = {isa = PBXBuildFile; fileRef = CBB223D628993030005D15B2 /* NetworkError.swift */; };
		CBB223DB289938D7005D15B2 /* LaunchViewModel.swift in Sources */ = {isa = PBXBuildFile; fileRef = CBB223DA289938D7005D15B2 /* LaunchViewModel.swift */; };
		CBB223DE28993A1B005D15B2 /* LaunchCollectionCell.swift in Sources */ = {isa = PBXBuildFile; fileRef = CBB223DD28993A1B005D15B2 /* LaunchCollectionCell.swift */; };
		CDDD7A404BEBD82143C1B3B4 /* Pods_Task.framework in Frameworks */ = {isa = PBXBuildFile; fileRef = 9E756BDBF991BA33F53F620E /* Pods_Task.framework */; };
/* End PBXBuildFile section */

/* Begin PBXFileReference section */
		426D679BEABC3807728B2734 /* Pods-Task.release.xcconfig */ = {isa = PBXFileReference; includeInIndex = 1; lastKnownFileType = text.xcconfig; name = "Pods-Task.release.xcconfig"; path = "Target Support Files/Pods-Task/Pods-Task.release.xcconfig"; sourceTree = "<group>"; };
		9E756BDBF991BA33F53F620E /* Pods_Task.framework */ = {isa = PBXFileReference; explicitFileType = wrapper.framework; includeInIndex = 0; path = Pods_Task.framework; sourceTree = BUILT_PRODUCTS_DIR; };
		CBB223A1289920BD005D15B2 /* Task.app */ = {isa = PBXFileReference; explicitFileType = wrapper.application; includeInIndex = 0; path = Task.app; sourceTree = BUILT_PRODUCTS_DIR; };
		CBB223A4289920BD005D15B2 /* AppDelegate.swift */ = {isa = PBXFileReference; lastKnownFileType = sourcecode.swift; path = AppDelegate.swift; sourceTree = "<group>"; };
		CBB223A6289920BD005D15B2 /* SceneDelegate.swift */ = {isa = PBXFileReference; lastKnownFileType = sourcecode.swift; path = SceneDelegate.swift; sourceTree = "<group>"; };
		CBB223A8289920BD005D15B2 /* LaunchController.swift */ = {isa = PBXFileReference; lastKnownFileType = sourcecode.swift; path = LaunchController.swift; sourceTree = "<group>"; };
		CBB223AD289920BF005D15B2 /* Assets.xcassets */ = {isa = PBXFileReference; lastKnownFileType = folder.assetcatalog; path = Assets.xcassets; sourceTree = "<group>"; };
		CBB223B0289920BF005D15B2 /* Base */ = {isa = PBXFileReference; lastKnownFileType = file.storyboard; name = Base; path = Base.lproj/LaunchScreen.storyboard; sourceTree = "<group>"; };
		CBB223B2289920BF005D15B2 /* Info.plist */ = {isa = PBXFileReference; lastKnownFileType = text.plist.xml; path = Info.plist; sourceTree = "<group>"; };
		CBB223BA28992D31005D15B2 /* Timeline.swift */ = {isa = PBXFileReference; fileEncoding = 4; lastKnownFileType = sourcecode.swift; path = Timeline.swift; sourceTree = "<group>"; };
		CBB223BB28992D31005D15B2 /* SecondStage.swift */ = {isa = PBXFileReference; fileEncoding = 4; lastKnownFileType = sourcecode.swift; path = SecondStage.swift; sourceTree = "<group>"; };
		CBB223BC28992D32005D15B2 /* Telemetry.swift */ = {isa = PBXFileReference; fileEncoding = 4; lastKnownFileType = sourcecode.swift; path = Telemetry.swift; sourceTree = "<group>"; };
		CBB223BD28992D32005D15B2 /* Launch.swift */ = {isa = PBXFileReference; fileEncoding = 4; lastKnownFileType = sourcecode.swift; path = Launch.swift; sourceTree = "<group>"; };
		CBB223C228992D40005D15B2 /* Rocket.swift */ = {isa = PBXFileReference; fileEncoding = 4; lastKnownFileType = sourcecode.swift; path = Rocket.swift; sourceTree = "<group>"; };
		CBB223C328992D40005D15B2 /* Payloads.swift */ = {isa = PBXFileReference; fileEncoding = 4; lastKnownFileType = sourcecode.swift; path = Payloads.swift; sourceTree = "<group>"; };
		CBB223C428992D41005D15B2 /* FirstStage.swift */ = {isa = PBXFileReference; fileEncoding = 4; lastKnownFileType = sourcecode.swift; path = FirstStage.swift; sourceTree = "<group>"; };
		CBB223C528992D41005D15B2 /* LaunchSite.swift */ = {isa = PBXFileReference; fileEncoding = 4; lastKnownFileType = sourcecode.swift; path = LaunchSite.swift; sourceTree = "<group>"; };
		CBB223C628992D41005D15B2 /* OrbitParams.swift */ = {isa = PBXFileReference; fileEncoding = 4; lastKnownFileType = sourcecode.swift; path = OrbitParams.swift; sourceTree = "<group>"; };
		CBB223C728992D41005D15B2 /* Links.swift */ = {isa = PBXFileReference; fileEncoding = 4; lastKnownFileType = sourcecode.swift; path = Links.swift; sourceTree = "<group>"; };
		CBB223C828992D41005D15B2 /* LaunchFailureDetails.swift */ = {isa = PBXFileReference; fileEncoding = 4; lastKnownFileType = sourcecode.swift; path = LaunchFailureDetails.swift; sourceTree = "<group>"; };
		CBB223D028992D48005D15B2 /* Cores.swift */ = {isa = PBXFileReference; fileEncoding = 4; lastKnownFileType = sourcecode.swift; path = Cores.swift; sourceTree = "<group>"; };
		CBB223D128992D48005D15B2 /* Fairings.swift */ = {isa = PBXFileReference; fileEncoding = 4; lastKnownFileType = sourcecode.swift; path = Fairings.swift; sourceTree = "<group>"; };
		CBB223D528993030005D15B2 /* Services.swift */ = {isa = PBXFileReference; fileEncoding = 4; lastKnownFileType = sourcecode.swift; path = Services.swift; sourceTree = "<group>"; };
		CBB223D628993030005D15B2 /* NetworkError.swift */ = {isa = PBXFileReference; fileEncoding = 4; lastKnownFileType = sourcecode.swift; path = NetworkError.swift; sourceTree = "<group>"; };
		CBB223DA289938D7005D15B2 /* LaunchViewModel.swift */ = {isa = PBXFileReference; lastKnownFileType = sourcecode.swift; path = LaunchViewModel.swift; sourceTree = "<group>"; };
		CBB223DD28993A1B005D15B2 /* LaunchCollectionCell.swift */ = {isa = PBXFileReference; lastKnownFileType = sourcecode.swift; path = LaunchCollectionCell.swift; sourceTree = "<group>"; };
		EC6037D1AC5F17B46F137C62 /* Pods-Task.debug.xcconfig */ = {isa = PBXFileReference; includeInIndex = 1; lastKnownFileType = text.xcconfig; name = "Pods-Task.debug.xcconfig"; path = "Target Support Files/Pods-Task/Pods-Task.debug.xcconfig"; sourceTree = "<group>"; };
/* End PBXFileReference section */

/* Begin PBXFrameworksBuildPhase section */
		CBB2239E289920BD005D15B2 /* Frameworks */ = {
			isa = PBXFrameworksBuildPhase;
			buildActionMask = 2147483647;
			files = (
				CDDD7A404BEBD82143C1B3B4 /* Pods_Task.framework in Frameworks */,
			);
			runOnlyForDeploymentPostprocessing = 0;
		};
/* End PBXFrameworksBuildPhase section */

/* Begin PBXGroup section */
		334E7F99DD05FC8E370C268D /* Pods */ = {
			isa = PBXGroup;
			children = (
				EC6037D1AC5F17B46F137C62 /* Pods-Task.debug.xcconfig */,
				426D679BEABC3807728B2734 /* Pods-Task.release.xcconfig */,
			);
			path = Pods;
			sourceTree = "<group>";
		};
		44A92EBB2E23CDFC920C3D5C /* Frameworks */ = {
			isa = PBXGroup;
			children = (
				9E756BDBF991BA33F53F620E /* Pods_Task.framework */,
			);
			name = Frameworks;
			sourceTree = "<group>";
		};
		CBB22398289920BD005D15B2 = {
			isa = PBXGroup;
			children = (
				CBB223A3289920BD005D15B2 /* Task */,
				CBB223A2289920BD005D15B2 /* Products */,
				334E7F99DD05FC8E370C268D /* Pods */,
				44A92EBB2E23CDFC920C3D5C /* Frameworks */,
			);
			sourceTree = "<group>";
		};
		CBB223A2289920BD005D15B2 /* Products */ = {
			isa = PBXGroup;
			children = (
				CBB223A1289920BD005D15B2 /* Task.app */,
			);
			name = Products;
			sourceTree = "<group>";
		};
		CBB223A3289920BD005D15B2 /* Task */ = {
			isa = PBXGroup;
			children = (
				CBB223DC289939F4005D15B2 /* Views */,
				CBB223D9289938B9005D15B2 /* ViewModels */,
				CBB223D428993010005D15B2 /* Networks */,
				CBB223B928992CFF005D15B2 /* Models */,
				CBB223B828992BA9005D15B2 /* Controllers */,
				CBB223A4289920BD005D15B2 /* AppDelegate.swift */,
				CBB223A6289920BD005D15B2 /* SceneDelegate.swift */,
				CBB223AD289920BF005D15B2 /* Assets.xcassets */,
				CBB223AF289920BF005D15B2 /* LaunchScreen.storyboard */,
				CBB223B2289920BF005D15B2 /* Info.plist */,
			);
			path = Task;
			sourceTree = "<group>";
		};
		CBB223B828992BA9005D15B2 /* Controllers */ = {
			isa = PBXGroup;
			children = (
				CBB223A8289920BD005D15B2 /* LaunchController.swift */,
			);
			path = Controllers;
			sourceTree = "<group>";
		};
		CBB223B928992CFF005D15B2 /* Models */ = {
			isa = PBXGroup;
			children = (
				CBB223BD28992D32005D15B2 /* Launch.swift */,
				CBB223C428992D41005D15B2 /* FirstStage.swift */,
				CBB223C828992D41005D15B2 /* LaunchFailureDetails.swift */,
				CBB223D028992D48005D15B2 /* Cores.swift */,
				CBB223D128992D48005D15B2 /* Fairings.swift */,
				CBB223C528992D41005D15B2 /* LaunchSite.swift */,
				CBB223C728992D41005D15B2 /* Links.swift */,
				CBB223C628992D41005D15B2 /* OrbitParams.swift */,
				CBB223C328992D40005D15B2 /* Payloads.swift */,
				CBB223C228992D40005D15B2 /* Rocket.swift */,
				CBB223BB28992D31005D15B2 /* SecondStage.swift */,
				CBB223BC28992D32005D15B2 /* Telemetry.swift */,
				CBB223BA28992D31005D15B2 /* Timeline.swift */,
			);
			path = Models;
			sourceTree = "<group>";
		};
		CBB223D428993010005D15B2 /* Networks */ = {
			isa = PBXGroup;
			children = (
				CBB223D628993030005D15B2 /* NetworkError.swift */,
				CBB223D528993030005D15B2 /* Services.swift */,
			);
			path = Networks;
			sourceTree = "<group>";
		};
		CBB223D9289938B9005D15B2 /* ViewModels */ = {
			isa = PBXGroup;
			children = (
				CBB223DA289938D7005D15B2 /* LaunchViewModel.swift */,
			);
			path = ViewModels;
			sourceTree = "<group>";
		};
		CBB223DC289939F4005D15B2 /* Views */ = {
			isa = PBXGroup;
			children = (
				CBB223DD28993A1B005D15B2 /* LaunchCollectionCell.swift */,
			);
			path = Views;
			sourceTree = "<group>";
		};
/* End PBXGroup section */

/* Begin PBXNativeTarget section */
		CBB223A0289920BD005D15B2 /* Task */ = {
			isa = PBXNativeTarget;
			buildConfigurationList = CBB223B5289920BF005D15B2 /* Build configuration list for PBXNativeTarget "Task" */;
			buildPhases = (
				AE2E9CD5A4D582D0FA8070D9 /* [CP] Check Pods Manifest.lock */,
				CBB2239D289920BD005D15B2 /* Sources */,
				CBB2239E289920BD005D15B2 /* Frameworks */,
				CBB2239F289920BD005D15B2 /* Resources */,
				36E1AE570F97041BA115A5B6 /* [CP] Embed Pods Frameworks */,
			);
			buildRules = (
			);
			dependencies = (
			);
			name = Task;
			productName = Task;
			productReference = CBB223A1289920BD005D15B2 /* Task.app */;
			productType = "com.apple.product-type.application";
		};
/* End PBXNativeTarget section */

/* Begin PBXProject section */
		CBB22399289920BD005D15B2 /* Project object */ = {
			isa = PBXProject;
			attributes = {
				BuildIndependentTargetsInParallel = 1;
				LastSwiftUpdateCheck = 1340;
				LastUpgradeCheck = 1340;
				TargetAttributes = {
					CBB223A0289920BD005D15B2 = {
						CreatedOnToolsVersion = 13.4.1;
					};
				};
			};
			buildConfigurationList = CBB2239C289920BD005D15B2 /* Build configuration list for PBXProject "Task" */;
			compatibilityVersion = "Xcode 13.0";
			developmentRegion = en;
			hasScannedForEncodings = 0;
			knownRegions = (
				en,
				Base,
			);
			mainGroup = CBB22398289920BD005D15B2;
			productRefGroup = CBB223A2289920BD005D15B2 /* Products */;
			projectDirPath = "";
			projectRoot = "";
			targets = (
				CBB223A0289920BD005D15B2 /* Task */,
			);
		};
/* End PBXProject section */

/* Begin PBXResourcesBuildPhase section */
		CBB2239F289920BD005D15B2 /* Resources */ = {
			isa = PBXResourcesBuildPhase;
			buildActionMask = 2147483647;
			files = (
				CBB223B1289920BF005D15B2 /* LaunchScreen.storyboard in Resources */,
				CBB223AE289920BF005D15B2 /* Assets.xcassets in Resources */,
			);
			runOnlyForDeploymentPostprocessing = 0;
		};
/* End PBXResourcesBuildPhase section */

/* Begin PBXShellScriptBuildPhase section */
		36E1AE570F97041BA115A5B6 /* [CP] Embed Pods Frameworks */ = {
			isa = PBXShellScriptBuildPhase;
			buildActionMask = 2147483647;
			files = (
			);
			inputFileListPaths = (
				"${PODS_ROOT}/Target Support Files/Pods-Task/Pods-Task-frameworks-${CONFIGURATION}-input-files.xcfilelist",
			);
			name = "[CP] Embed Pods Frameworks";
			outputFileListPaths = (
				"${PODS_ROOT}/Target Support Files/Pods-Task/Pods-Task-frameworks-${CONFIGURATION}-output-files.xcfilelist",
			);
			runOnlyForDeploymentPostprocessing = 0;
			shellPath = /bin/sh;
			shellScript = "\"${PODS_ROOT}/Target Support Files/Pods-Task/Pods-Task-frameworks.sh\"\n";
			showEnvVarsInLog = 0;
		};
		AE2E9CD5A4D582D0FA8070D9 /* [CP] Check Pods Manifest.lock */ = {
			isa = PBXShellScriptBuildPhase;
			buildActionMask = 2147483647;
			files = (
			);
			inputFileListPaths = (
			);
			inputPaths = (
				"${PODS_PODFILE_DIR_PATH}/Podfile.lock",
				"${PODS_ROOT}/Manifest.lock",
			);
			name = "[CP] Check Pods Manifest.lock";
			outputFileListPaths = (
			);
			outputPaths = (
				"$(DERIVED_FILE_DIR)/Pods-Task-checkManifestLockResult.txt",
			);
			runOnlyForDeploymentPostprocessing = 0;
			shellPath = /bin/sh;
			shellScript = "diff \"${PODS_PODFILE_DIR_PATH}/Podfile.lock\" \"${PODS_ROOT}/Manifest.lock\" > /dev/null\nif [ $? != 0 ] ; then\n    # print error to STDERR\n    echo \"error: The sandbox is not in sync with the Podfile.lock. Run 'pod install' or update your CocoaPods installation.\" >&2\n    exit 1\nfi\n# This output is used by Xcode 'outputs' to avoid re-running this script phase.\necho \"SUCCESS\" > \"${SCRIPT_OUTPUT_FILE_0}\"\n";
			showEnvVarsInLog = 0;
		};
/* End PBXShellScriptBuildPhase section */

/* Begin PBXSourcesBuildPhase section */
		CBB2239D289920BD005D15B2 /* Sources */ = {
			isa = PBXSourcesBuildPhase;
			buildActionMask = 2147483647;
			files = (
				CBB223DE28993A1B005D15B2 /* LaunchCollectionCell.swift in Sources */,
				CBB223D728993030005D15B2 /* Services.swift in Sources */,
				CBB223CD28992D41005D15B2 /* OrbitParams.swift in Sources */,
				CBB223BE28992D32005D15B2 /* Timeline.swift in Sources */,
				CBB223C028992D32005D15B2 /* Telemetry.swift in Sources */,
				CBB223CC28992D41005D15B2 /* LaunchSite.swift in Sources */,
				CBB223C128992D32005D15B2 /* Launch.swift in Sources */,
				CBB223DB289938D7005D15B2 /* LaunchViewModel.swift in Sources */,
				CBB223CE28992D41005D15B2 /* Links.swift in Sources */,
				CBB223A9289920BD005D15B2 /* LaunchController.swift in Sources */,
				CBB223BF28992D32005D15B2 /* SecondStage.swift in Sources */,
				CBB223CB28992D41005D15B2 /* FirstStage.swift in Sources */,
				CBB223CA28992D41005D15B2 /* Payloads.swift in Sources */,
				CBB223CF28992D41005D15B2 /* LaunchFailureDetails.swift in Sources */,
				CBB223A5289920BD005D15B2 /* AppDelegate.swift in Sources */,
				CBB223D328992D48005D15B2 /* Fairings.swift in Sources */,
				CBB223A7289920BD005D15B2 /* SceneDelegate.swift in Sources */,
				CBB223D828993030005D15B2 /* NetworkError.swift in Sources */,
				CBB223C928992D41005D15B2 /* Rocket.swift in Sources */,
				CBB223D228992D48005D15B2 /* Cores.swift in Sources */,
			);
			runOnlyForDeploymentPostprocessing = 0;
		};
/* End PBXSourcesBuildPhase section */

/* Begin PBXVariantGroup section */
		CBB223AF289920BF005D15B2 /* LaunchScreen.storyboard */ = {
			isa = PBXVariantGroup;
			children = (
				CBB223B0289920BF005D15B2 /* Base */,
			);
			name = LaunchScreen.storyboard;
			sourceTree = "<group>";
		};
/* End PBXVariantGroup section */

/* Begin XCBuildConfiguration section */
		CBB223B3289920BF005D15B2 /* Debug */ = {
			isa = XCBuildConfiguration;
			buildSettings = {
				ALWAYS_SEARCH_USER_PATHS = NO;
				CLANG_ANALYZER_NONNULL = YES;
				CLANG_ANALYZER_NUMBER_OBJECT_CONVERSION = YES_AGGRESSIVE;
				CLANG_CXX_LANGUAGE_STANDARD = "gnu++17";
				CLANG_ENABLE_MODULES = YES;
				CLANG_ENABLE_OBJC_ARC = YES;
				CLANG_ENABLE_OBJC_WEAK = YES;
				CLANG_WARN_BLOCK_CAPTURE_AUTORELEASING = YES;
				CLANG_WARN_BOOL_CONVERSION = YES;
				CLANG_WARN_COMMA = YES;
				CLANG_WARN_CONSTANT_CONVERSION = YES;
				CLANG_WARN_DEPRECATED_OBJC_IMPLEMENTATIONS = YES;
				CLANG_WARN_DIRECT_OBJC_ISA_USAGE = YES_ERROR;
				CLANG_WARN_DOCUMENTATION_COMMENTS = YES;
				CLANG_WARN_EMPTY_BODY = YES;
				CLANG_WARN_ENUM_CONVERSION = YES;
				CLANG_WARN_INFINITE_RECURSION = YES;
				CLANG_WARN_INT_CONVERSION = YES;
				CLANG_WARN_NON_LITERAL_NULL_CONVERSION = YES;
				CLANG_WARN_OBJC_IMPLICIT_RETAIN_SELF = YES;
				CLANG_WARN_OBJC_LITERAL_CONVERSION = YES;
				CLANG_WARN_OBJC_ROOT_CLASS = YES_ERROR;
				CLANG_WARN_QUOTED_INCLUDE_IN_FRAMEWORK_HEADER = YES;
				CLANG_WARN_RANGE_LOOP_ANALYSIS = YES;
				CLANG_WARN_STRICT_PROTOTYPES = YES;
				CLANG_WARN_SUSPICIOUS_MOVE = YES;
				CLANG_WARN_UNGUARDED_AVAILABILITY = YES_AGGRESSIVE;
				CLANG_WARN_UNREACHABLE_CODE = YES;
				CLANG_WARN__DUPLICATE_METHOD_MATCH = YES;
				COPY_PHASE_STRIP = NO;
				DEBUG_INFORMATION_FORMAT = dwarf;
				ENABLE_STRICT_OBJC_MSGSEND = YES;
				ENABLE_TESTABILITY = YES;
				GCC_C_LANGUAGE_STANDARD = gnu11;
				GCC_DYNAMIC_NO_PIC = NO;
				GCC_NO_COMMON_BLOCKS = YES;
				GCC_OPTIMIZATION_LEVEL = 0;
				GCC_PREPROCESSOR_DEFINITIONS = (
					"DEBUG=1",
					"$(inherited)",
				);
				GCC_WARN_64_TO_32_BIT_CONVERSION = YES;
				GCC_WARN_ABOUT_RETURN_TYPE = YES_ERROR;
				GCC_WARN_UNDECLARED_SELECTOR = YES;
				GCC_WARN_UNINITIALIZED_AUTOS = YES_AGGRESSIVE;
				GCC_WARN_UNUSED_FUNCTION = YES;
				GCC_WARN_UNUSED_VARIABLE = YES;
				IPHONEOS_DEPLOYMENT_TARGET = 15.5;
				MTL_ENABLE_DEBUG_INFO = INCLUDE_SOURCE;
				MTL_FAST_MATH = YES;
				ONLY_ACTIVE_ARCH = YES;
				SDKROOT = iphoneos;
				SWIFT_ACTIVE_COMPILATION_CONDITIONS = DEBUG;
				SWIFT_OPTIMIZATION_LEVEL = "-Onone";
			};
			name = Debug;
		};
		CBB223B4289920BF005D15B2 /* Release */ = {
			isa = XCBuildConfiguration;
			buildSettings = {
				ALWAYS_SEARCH_USER_PATHS = NO;
				CLANG_ANALYZER_NONNULL = YES;
				CLANG_ANALYZER_NUMBER_OBJECT_CONVERSION = YES_AGGRESSIVE;
				CLANG_CXX_LANGUAGE_STANDARD = "gnu++17";
				CLANG_ENABLE_MODULES = YES;
				CLANG_ENABLE_OBJC_ARC = YES;
				CLANG_ENABLE_OBJC_WEAK = YES;
				CLANG_WARN_BLOCK_CAPTURE_AUTORELEASING = YES;
				CLANG_WARN_BOOL_CONVERSION = YES;
				CLANG_WARN_COMMA = YES;
				CLANG_WARN_CONSTANT_CONVERSION = YES;
				CLANG_WARN_DEPRECATED_OBJC_IMPLEMENTATIONS = YES;
				CLANG_WARN_DIRECT_OBJC_ISA_USAGE = YES_ERROR;
				CLANG_WARN_DOCUMENTATION_COMMENTS = YES;
				CLANG_WARN_EMPTY_BODY = YES;
				CLANG_WARN_ENUM_CONVERSION = YES;
				CLANG_WARN_INFINITE_RECURSION = YES;
				CLANG_WARN_INT_CONVERSION = YES;
				CLANG_WARN_NON_LITERAL_NULL_CONVERSION = YES;
				CLANG_WARN_OBJC_IMPLICIT_RETAIN_SELF = YES;
				CLANG_WARN_OBJC_LITERAL_CONVERSION = YES;
				CLANG_WARN_OBJC_ROOT_CLASS = YES_ERROR;
				CLANG_WARN_QUOTED_INCLUDE_IN_FRAMEWORK_HEADER = YES;
				CLANG_WARN_RANGE_LOOP_ANALYSIS = YES;
				CLANG_WARN_STRICT_PROTOTYPES = YES;
				CLANG_WARN_SUSPICIOUS_MOVE = YES;
				CLANG_WARN_UNGUARDED_AVAILABILITY = YES_AGGRESSIVE;
				CLANG_WARN_UNREACHABLE_CODE = YES;
				CLANG_WARN__DUPLICATE_METHOD_MATCH = YES;
				COPY_PHASE_STRIP = NO;
				DEBUG_INFORMATION_FORMAT = "dwarf-with-dsym";
				ENABLE_NS_ASSERTIONS = NO;
				ENABLE_STRICT_OBJC_MSGSEND = YES;
				GCC_C_LANGUAGE_STANDARD = gnu11;
				GCC_NO_COMMON_BLOCKS = YES;
				GCC_WARN_64_TO_32_BIT_CONVERSION = YES;
				GCC_WARN_ABOUT_RETURN_TYPE = YES_ERROR;
				GCC_WARN_UNDECLARED_SELECTOR = YES;
				GCC_WARN_UNINITIALIZED_AUTOS = YES_AGGRESSIVE;
				GCC_WARN_UNUSED_FUNCTION = YES;
				GCC_WARN_UNUSED_VARIABLE = YES;
				IPHONEOS_DEPLOYMENT_TARGET = 15.5;
				MTL_ENABLE_DEBUG_INFO = NO;
				MTL_FAST_MATH = YES;
				SDKROOT = iphoneos;
				SWIFT_COMPILATION_MODE = wholemodule;
				SWIFT_OPTIMIZATION_LEVEL = "-O";
				VALIDATE_PRODUCT = YES;
			};
			name = Release;
		};
		CBB223B6289920BF005D15B2 /* Debug */ = {
			isa = XCBuildConfiguration;
			baseConfigurationReference = EC6037D1AC5F17B46F137C62 /* Pods-Task.debug.xcconfig */;
			buildSettings = {
				ASSETCATALOG_COMPILER_APPICON_NAME = AppIcon;
				ASSETCATALOG_COMPILER_GLOBAL_ACCENT_COLOR_NAME = AccentColor;
				CODE_SIGN_STYLE = Automatic;
				CURRENT_PROJECT_VERSION = 1;
				DEVELOPMENT_TEAM = 2QM47272HP;
				GENERATE_INFOPLIST_FILE = YES;
				INFOPLIST_FILE = Task/Info.plist;
				INFOPLIST_KEY_UIApplicationSupportsIndirectInputEvents = YES;
				INFOPLIST_KEY_UILaunchStoryboardName = LaunchScreen;
				INFOPLIST_KEY_UISupportedInterfaceOrientations = "UIInterfaceOrientationPortrait UIInterfaceOrientationLandscapeLeft UIInterfaceOrientationLandscapeRight";
				INFOPLIST_KEY_UISupportedInterfaceOrientations_iPad = "UIInterfaceOrientationPortrait UIInterfaceOrientationPortraitUpsideDown UIInterfaceOrientationLandscapeLeft UIInterfaceOrientationLandscapeRight";
				INFOPLIST_KEY_UISupportedInterfaceOrientations_iPhone = "UIInterfaceOrientationPortrait UIInterfaceOrientationLandscapeLeft UIInterfaceOrientationLandscapeRight";
				LD_RUNPATH_SEARCH_PATHS = (
					"$(inherited)",
					"@executable_path/Frameworks",
				);
				MARKETING_VERSION = 1.0;
				PRODUCT_BUNDLE_IDENTIFIER = Applifting.Task;
				PRODUCT_NAME = "$(TARGET_NAME)";
				SWIFT_EMIT_LOC_STRINGS = YES;
				SWIFT_VERSION = 5.0;
				TARGETED_DEVICE_FAMILY = 1;
			};
			name = Debug;
		};
		CBB223B7289920BF005D15B2 /* Release */ = {
			isa = XCBuildConfiguration;
			baseConfigurationReference = 426D679BEABC3807728B2734 /* Pods-Task.release.xcconfig */;
			buildSettings = {
				ASSETCATALOG_COMPILER_APPICON_NAME = AppIcon;
				ASSETCATALOG_COMPILER_GLOBAL_ACCENT_COLOR_NAME = AccentColor;
				CODE_SIGN_STYLE = Automatic;
				CURRENT_PROJECT_VERSION = 1;
				DEVELOPMENT_TEAM = 2QM47272HP;
				GENERATE_INFOPLIST_FILE = YES;
				INFOPLIST_FILE = Task/Info.plist;
				INFOPLIST_KEY_UIApplicationSupportsIndirectInputEvents = YES;
				INFOPLIST_KEY_UILaunchStoryboardName = LaunchScreen;
				INFOPLIST_KEY_UISupportedInterfaceOrientations = "UIInterfaceOrientationPortrait UIInterfaceOrientationLandscapeLeft UIInterfaceOrientationLandscapeRight";
				INFOPLIST_KEY_UISupportedInterfaceOrientations_iPad = "UIInterfaceOrientationPortrait UIInterfaceOrientationPortraitUpsideDown UIInterfaceOrientationLandscapeLeft UIInterfaceOrientationLandscapeRight";
				INFOPLIST_KEY_UISupportedInterfaceOrientations_iPhone = "UIInterfaceOrientationPortrait UIInterfaceOrientationLandscapeLeft UIInterfaceOrientationLandscapeRight";
				LD_RUNPATH_SEARCH_PATHS = (
					"$(inherited)",
					"@executable_path/Frameworks",
				);
				MARKETING_VERSION = 1.0;
				PRODUCT_BUNDLE_IDENTIFIER = Applifting.Task;
				PRODUCT_NAME = "$(TARGET_NAME)";
				SWIFT_EMIT_LOC_STRINGS = YES;
				SWIFT_VERSION = 5.0;
				TARGETED_DEVICE_FAMILY = 1;
			};
			name = Release;
		};
/* End XCBuildConfiguration section */

/* Begin XCConfigurationList section */
		CBB2239C289920BD005D15B2 /* Build configuration list for PBXProject "Task" */ = {
			isa = XCConfigurationList;
			buildConfigurations = (
				CBB223B3289920BF005D15B2 /* Debug */,
				CBB223B4289920BF005D15B2 /* Release */,
			);
			defaultConfigurationIsVisible = 0;
			defaultConfigurationName = Release;
		};
		CBB223B5289920BF005D15B2 /* Build configuration list for PBXNativeTarget "Task" */ = {
			isa = XCConfigurationList;
			buildConfigurations = (
				CBB223B6289920BF005D15B2 /* Debug */,
				CBB223B7289920BF005D15B2 /* Release */,
			);
			defaultConfigurationIsVisible = 0;
			defaultConfigurationName = Release;
		};
/* End XCConfigurationList section */
	};
	rootObject = CBB22399289920BD005D15B2 /* Project object */;
}
